
Microsoft Visual Studio Solution File, Format Version 12.00
# Visual Studio Version 17
VisualStudioVersion = 17.2.32616.157
MinimumVisualStudioVersion = 10.0.40219.1
Project("{FAE04EC0-301F-11D3-BF4B-00C04F79EFBC}") = "REVITAddinAcadmey-02", "REVITAddinAcadmey-02\REVITAddinAcadmey-02.csproj", "{52708319-CA5C-422F-8EB5-60D9B9E4E1B0}"
EndProject
Global
	GlobalSection(SolutionConfigurationPlatforms) = preSolution
		Debug|Any CPU = Debug|Any CPU
		Release|Any CPU = Release|Any CPU
	EndGlobalSection
	GlobalSection(ProjectConfigurationPlatforms) = postSolution
		{52708319-CA5C-422F-8EB5-60D9B9E4E1B0}.Debug|Any CPU.ActiveCfg = Debug|Any CPU
		{52708319-CA5C-422F-8EB5-60D9B9E4E1B0}.Debug|Any CPU.Build.0 = Debug|Any CPU
		{52708319-CA5C-422F-8EB5-60D9B9E4E1B0}.Release|Any CPU.ActiveCfg = Release|Any CPU
		{52708319-CA5C-422F-8EB5-60D9B9E4E1B0}.Release|Any CPU.Build.0 = Release|Any CPU
	EndGlobalSection
	GlobalSection(SolutionProperties) = preSolution
		HideSolutionNode = FALSE
	EndGlobalSection
	GlobalSection(ExtensibilityGlobals) = postSolution
		SolutionGuid = {FEFE5F4B-786E-48EC-AE06-4833740C27D0}
	EndGlobalSection
EndGlobal
